github.com/andybalholm/brotli v1.2.0 h1:ukwgCxwYrmACq68yiUqwIWnGY0cTPox/M94sVwToPjQ=
github.com/andybalholm/brotli v1.2.0/go.mod h1:rzTDkvFWvIrjDXZHkuS16NPggd91W3kUSvPlQ1pLaKY=
github.com/bdandy/go-errors v1.2.2 h1:WdFv/oukjTJCLa79UfkGmwX7ZxONAihKu4V0mLIs11Q=
github.com/bdandy/go-errors v1.2.2/go.mod h1:NkYHl4Fey9oRRdbB1CoC6e84tuqQHiqrOcZpqFEkBxM=
github.com/bdandy/go-socks4 v1.2.3 h1:Q6Y2heY1GRjCtHbmlKfnwrKVU/k81LS8mRGLRlmDlic=
github.com/bdandy/go-socks4 v1.2.3/go.mod h1:98kiVFgpdogR8aIGLWLvjDVZ8XcKPsSI/ypGrO+bqHI=
github.com/bogdanfinn/fhttp v0.6.8 h1:LiQyHOY3i0QoxxNB7nq27/nGNNbtPj0fuBPozhR7Ws4=
github.com/bogdanfinn/fhttp v0.6.8/go.mod h1:A+EKDzMx2hb4IUbMx4TlkoHnaJEiLl8r/1Ss1Y+5e5M=
github.com/bogdanfinn/quic-go-utls v1.0.9-utls h1:tV6eDEiRbRCcepALSzxR94JUVD3N3ACIiRLgyc2Ep8s=
github.com/bogdanfinn/quic-go-utls v1.0.9-utls/go.mod h1:aHph9B9H9yPOt5xnhWKSOum27DJAqpiHzwX+gjvaXcg=
github.com/bogdanfinn/tls-client v1.14.0 h1:vyk7Cn4BIvLAGVuMfb0tP22OqogfO1lYamquQNEZU1A=
github.com/bogdanfinn/tls-client v1.14.0/go.mod h1:LsU6mXVn8MOFDwTkyRfI7V1BZM1p0wf2ZfZsICW/1fM=
github.com/bogdanfinn/utls v1.7.7-barnius h1:OuJ497cc7F3yKNVHRsYPQdGggmk5x6+V5ZlrCR7fOLU=
github.com/bogdanfinn/utls v1.7.7-barnius/go.mod h1:aAK1VZQlpKZClF1WEQeq6kyclbkPq4hz6xTbB5xSlmg=
github.com/bogdanfinn/websocket v1.5.5-barnius h1:bY+qnxpai1qe7Jmjx+Sds/cmOSpuuLoR8x61rWltjOI=
github.com/bogdanfinn/websocket v1.5.5-barnius/go.mod h1:gvvEw6pTKHb7yOiFvIfAFTStQWyrm25BMVCTj5wRSsI=
github.com/davecgh/go-spew v1.1.1 h1:vj9j/u1bqnvCEfJOwUhtlOARqs3+rkHYY13jYWTU97c=
github.com/davecgh/go-spew v1.1.1/go.mod h1:J7Y8YcW2NihsgmVo/mv3lAwl/skON4iLHjSsI+c5H38=
github.com/klauspost/compress v1.18.3 h1:9PJRvfbmTabkOX8moIpXPbMMbYN60bWImDDU7L+/6zw=
github.com/klauspost/compress v1.18.3/go.mod h1:R0h/fSBs8DE4ENlcrlib3PsXS61voFxhIs2DeRhCvJ4=
github.com/pmezard/go-difflib v1.0.0 h1:4DBwDE0NGyQoBHbLQYPwSUPoCMWR5BEzIk/f1lZbAQM=
github.com/pmezard/go-difflib v1.0.0/go.mod h1:iKH77koFhYxTK1pcRnkKkqfTogsbg7gZNVY4sRDYZ/4=
github.com/quic-go/qpack v0.6.0 h1:g7W+BMYynC1LbYLSqRt8PBg5Tgwxn214ZZR34VIOjz8=
github.com/quic-go/qpack v0.6.0/go.mod h1:lUpLKChi8njB4ty2bFLX2x4gzDqXwUpaO1DP9qMDZII=
github.com/stretchr/testify v1.11.1 h1:7s2iGBzp5EwR7/aIZr8ao5+dra3wiQyKjjFuvgVKu7U=
github.com/stretchr/testify v1.11.1/go.mod h1:wZwfW3scLgRK+23gO65QZefKpKQRnfz6sD981Nm4B6U=
github.com/tam7t/hpkp v0.0.0-20160821193359-2b70b4024ed5 h1:YqAladjX7xpA6BM04leXMWAEjS0mTZ5kUU9KRBriQJc=
github.com/tam7t/hpkp v0.0.0-20160821193359-2b70b4024ed5/go.mod h1:2JjD2zLQYH5HO74y5+aE3remJQvl6q4Sn6aWA2wD1Ng=
github.com/xyproto/randomstring v1.0.5 h1:YtlWPoRdgMu3NZtP45drfy1GKoojuR7hmRcnhZqKjWU=
github.com/xyproto/randomstring v1.0.5/go.mod h1:rgmS5DeNXLivK7YprL0pY+lTuhNQW3iGxZ18UQApw/E=
go.uber.org/mock v0.5.2 h1:LbtPTcP8A5k9WPXj54PPPbjcI4Y6lhyOZXn+VS7wNko=
go.uber.org/mock v0.5.2/go.mod h1:wLlUxC2vVTPTaE3UD51E0BGOAElKrILxhVSDYQLld5o=
golang.org/x/crypto v0.47.0 h1:V6e3FRj+n4dbpw86FJ8Fv7XVOql7TEwpHapKoMJ/GO8=
golang.org/x/crypto v0.47.0/go.mod h1:ff3Y9VzzKbwSSEzWqJsJVBnWmRwRSHt/6Op5n9bQc4A=
golang.org/x/net v0.0.0-20211104170005-ce137452f963/go.mod h1:9nx3DQGgdP8bBQD5qxJ1jj9UTztislL4KSBs9R2vV5Y=
golang.org/x/net v0.49.0 h1:eeHFmOGUTtaaPSGNmjBKpbng9MulQsJURQUAfUwY++o=
golang.org/x/net v0.49.0/go.mod h1:/ysNB2EvaqvesRkuLAyjI1ycPZlQHM3q01F02UY/MV8=
golang.org/x/sys v0.0.0-20201119102817-f84b799fce68/go.mod h1:h1NjWce9XRLGQEsW7wpKNCjG9DtNlClVuFLEZdDNbEs=
golang.org/x/sys v0.0.0-20210423082822-04245dca01da/go.mod h1:h1NjWce9XRLGQEsW7wpKNCjG9DtNlClVuFLEZdDNbEs=
golang.org/x/sys v0.40.0 h1:DBZZqJ2Rkml6QMQsZywtnjnnGvHza6BTfYFWY9kjEWQ=
golang.org/x/sys v0.40.0/go.mod h1:OgkHotnGiDImocRcuBABYBEXf8A9a87e/uXjp9XT3ks=
golang.org/x/term v0.0.0-20201126162022-7de9c90e9dd1/go.mod h1:bj7SfCRtBDWHUb9snDiAeCFNEtKQo2Wmx5Cou7ajbmo=
golang.org/x/text v0.3.6/go.mod h1:5Zoc/QRtKVWzQhOtBMvqHzDpF6irO9z98xDceosuGiQ=
golang.org/x/text v0.33.0 h1:B3njUFyqtHDUI5jMn1YIr5B0IE2U0qck04r6d4KPAxE=
golang.org/x/text v0.33.0/go.mod h1:LuMebE6+rBincTi9+xWTY8TztLzKHc/9C1uBCG27+q8=
golang.org/x/tools v0.0.0-20180917221912-90fa682c2a6e/go.mod h1:n7NCudcB/nEzxVGmLbDWY5pfWTLqBcC2KZ6jyYvM4mQ=
gopkg.in/yaml.v3 v3.0.1 h1:fxVm/GzAzEWqLHuvctI91KS9hhNmmWOoWu0XTYJS7CA=
gopkg.in/yaml.v3 v3.0.1/go.mod h1:K4uyk7z7BCEPqu6E+C64Yfv1cQ7kz7rIZviUmN+EgEM=
